
Microsoft Visual Studio Solution File, Format Version 12.00
# Visual Studio 15
VisualStudioVersion = 15.0.27428.2037
MinimumVisualStudioVersion = 10.0.40219.1
Project("{FAE04EC0-301F-11D3-BF4B-00C04F79EFBC}") = "W2TC", "W2TC\W2TC.csproj", "{7B195E6F-D787-4B7C-810C-603F6DAF1499}"
EndProject
Global
	GlobalSection(SolutionConfigurationPlatforms) = preSolution
		Debug|Any CPU = Debug|Any CPU
		Release|Any CPU = Release|Any CPU
	EndGlobalSection
	GlobalSection(ProjectConfigurationPlatforms) = postSolution
		{7B195E6F-D787-4B7C-810C-603F6DAF1499}.Debug|Any CPU.ActiveCfg = Debug|Any CPU
		{7B195E6F-D787-4B7C-810C-603F6DAF1499}.Debug|Any CPU.Build.0 = Debug|Any CPU
		{7B195E6F-D787-4B7C-810C-603F6DAF1499}.Release|Any CPU.ActiveCfg = Release|Any CPU
		{7B195E6F-D787-4B7C-810C-603F6DAF1499}.Release|Any CPU.Build.0 = Release|Any CPU
	EndGlobalSection
	GlobalSection(SolutionProperties) = preSolution
		HideSolutionNode = FALSE
	EndGlobalSection
	GlobalSection(ExtensibilityGlobals) = postSolution
		SolutionGuid = {0E25FF28-AA5F-4D9A-8A46-39BA93643C8A}
	EndGlobalSection
EndGlobal
